
Microsoft Visual Studio Solution File, Format Version 12.00
# Visual Studio Version 16
VisualStudioVersion = 16.0.31515.178
MinimumVisualStudioVersion = 10.0.40219.1
Project("{FAE04EC0-301F-11D3-BF4B-00C04F79EFBC}") = "eCar-Rental-System", "eCar-Rental-System\eCar-Rental-System.csproj", "{8252458D-A6F7-490C-B2CF-582579705D69}"
EndProject
Global
	GlobalSection(SolutionConfigurationPlatforms) = preSolution
		Debug|Any CPU = Debug|Any CPU
		Release|Any CPU = Release|Any CPU
	EndGlobalSection
	GlobalSection(ProjectConfigurationPlatforms) = postSolution
		{8252458D-A6F7-490C-B2CF-582579705D69}.Debug|Any CPU.ActiveCfg = Debug|Any CPU
		{8252458D-A6F7-490C-B2CF-582579705D69}.Debug|Any CPU.Build.0 = Debug|Any CPU
		{8252458D-A6F7-490C-B2CF-582579705D69}.Release|Any CPU.ActiveCfg = Release|Any CPU
		{8252458D-A6F7-490C-B2CF-582579705D69}.Release|Any CPU.Build.0 = Release|Any CPU
	EndGlobalSection
	GlobalSection(SolutionProperties) = preSolution
		HideSolutionNode = FALSE
	EndGlobalSection
	GlobalSection(ExtensibilityGlobals) = postSolution
		SolutionGuid = {739F3A30-7927-4D3B-A3BC-B8533D325E71}
	EndGlobalSection
EndGlobal
